
Microsoft Visual Studio Solution File, Format Version 12.00
# Visual Studio Version 17
VisualStudioVersion = 17.2.32630.192
MinimumVisualStudioVersion = 10.0.40219.1
Project("{FAE04EC0-301F-11D3-BF4B-00C04F79EFBC}") = "DistributedCachingExample", "DistributedCachingExample\DistributedCachingExample.csproj", "{04328FAB-5F45-4CE1-BD0D-AC21F1D17AEA}"
EndProject
Global
	GlobalSection(SolutionConfigurationPlatforms) = preSolution
		Debug|Any CPU = Debug|Any CPU
		Release|Any CPU = Release|Any CPU
	EndGlobalSection
	GlobalSection(ProjectConfigurationPlatforms) = postSolution
		{04328FAB-5F45-4CE1-BD0D-AC21F1D17AEA}.Debug|Any CPU.ActiveCfg = Debug|Any CPU
		{04328FAB-5F45-4CE1-BD0D-AC21F1D17AEA}.Debug|Any CPU.Build.0 = Debug|Any CPU
		{04328FAB-5F45-4CE1-BD0D-AC21F1D17AEA}.Release|Any CPU.ActiveCfg = Release|Any CPU
		{04328FAB-5F45-4CE1-BD0D-AC21F1D17AEA}.Release|Any CPU.Build.0 = Release|Any CPU
	EndGlobalSection
	GlobalSection(SolutionProperties) = preSolution
		HideSolutionNode = FALSE
	EndGlobalSection
	GlobalSection(ExtensibilityGlobals) = postSolution
		SolutionGuid = {875E6DE4-C3A4-446D-A3B9-95EA51BCF34E}
	EndGlobalSection
EndGlobal
